
Microsoft Visual Studio Solution File, Format Version 12.00
# Visual Studio Version 16
VisualStudioVersion = 16.0.31005.135
MinimumVisualStudioVersion = 10.0.40219.1
Project("{FAE04EC0-301F-11D3-BF4B-00C04F79EFBC}") = "01-My First Demo", "01-My First Demo\01-My First Demo.csproj", "{E22EF29F-F0B1-494D-899E-B4C4A5AD0A81}"
EndProject
Project("{FAE04EC0-301F-11D3-BF4B-00C04F79EFBC}") = "02-变量", "02-My Second Demo\02-变量.csproj", "{5F82223A-E071-43CD-A22D-6A6AD134A0FE}"
EndProject
Project("{FAE04EC0-301F-11D3-BF4B-00C04F79EFBC}") = "03-占位符", "03-占位符\03-占位符.csproj", "{71F7FE32-0590-4961-A8FB-83CE2ABB3B49}"
EndProject
Project("{FAE04EC0-301F-11D3-BF4B-00C04F79EFBC}") = "04-接受用户的输入", "04-接受用户的输入\04-接受用户的输入.csproj", "{201F08E3-9DFF-4A96-9BA7-B89000957CBE}"
EndProject
Project("{FAE04EC0-301F-11D3-BF4B-00C04F79EFBC}") = "05-转义字符", "05-转移字符\05-转义字符.csproj", "{FCD088A6-292A-45F7-A473-D9F145F78658}"
EndProject
Project("{FAE04EC0-301F-11D3-BF4B-00C04F79EFBC}") = "06-显示类型转换和隐式类型转换", "06-显示类型转换和隐式类型转换\06-显示类型转换和隐式类型转换.csproj", "{78B71B21-995D-4C08-A150-F6156B5224C7}"
EndProject
Project("{FAE04EC0-301F-11D3-BF4B-00C04F79EFBC}") = "07-异常捕获", "07-异常捕获\07-异常捕获.csproj", "{BA6F976B-4BFC-4C47-B944-B29A9859B9F9}"
EndProject
Project("{FAE04EC0-301F-11D3-BF4B-00C04F79EFBC}") = "08-随机数", "08-随机数\08-随机数.csproj", "{52CFAAA9-8B68-4136-AB91-846DD8347A32}"
EndProject
Project("{FAE04EC0-301F-11D3-BF4B-00C04F79EFBC}") = "09-枚举", "09-枚举\09-枚举.csproj", "{6C50C6A2-A880-47C0-9862-8A6D40A36C36}"
EndProject
Project("{FAE04EC0-301F-11D3-BF4B-00C04F79EFBC}") = "10-结构体", "10-结构体\10-结构体.csproj", "{03AD1BA9-42F7-4988-B819-A4957A66D52B}"
EndProject
Project("{FAE04EC0-301F-11D3-BF4B-00C04F79EFBC}") = "11-数组", "11-数组\11-数组.csproj", "{F8D9E6F2-4D3C-4E4D-8122-9EA5E84E49D2}"
EndProject
Project("{FAE04EC0-301F-11D3-BF4B-00C04F79EFBC}") = "12-方法(函数)", "12-方法(函数)\12-方法(函数).csproj", "{8CED7D27-86B5-45FF-9F4C-A8699103E581}"
EndProject
Project("{FAE04EC0-301F-11D3-BF4B-00C04F79EFBC}") = "13-out参数", "13-out参数\13-out参数.csproj", "{61FFEEBF-383A-4D8F-82BF-3455EA4E6CF1}"
EndProject
Project("{FAE04EC0-301F-11D3-BF4B-00C04F79EFBC}") = "14-ref参数", "14-ref参数\14-ref参数.csproj", "{2BBBCFE3-3315-45EA-9EAA-EE1F55BD1A1F}"
EndProject
Project("{FAE04EC0-301F-11D3-BF4B-00C04F79EFBC}") = "15-params参数", "15-params\15-params参数.csproj", "{8A0E768D-1E2C-4EC8-8AB6-97B854420EAA}"
EndProject
Project("{FAE04EC0-301F-11D3-BF4B-00C04F79EFBC}") = "16-类的基本语法", "16-类的基本语法\16-类的基本语法.csproj", "{7B66CF1B-8EE4-441E-8D6B-17D55889BB0B}"
EndProject
Project("{FAE04EC0-301F-11D3-BF4B-00C04F79EFBC}") = "17-静态和非静态", "17-静态和非静态\17-静态和非静态.csproj", "{21BFC723-97EA-469D-BE2D-854AECDF2292}"
EndProject
Project("{FAE04EC0-301F-11D3-BF4B-00C04F79EFBC}") = "18-构造函数和析构函数", "18-构造函数\18-构造函数和析构函数.csproj", "{F47566A0-F1EF-4F46-A0CC-153438E555CD}"
EndProject
Project("{FAE04EC0-301F-11D3-BF4B-00C04F79EFBC}") = "test", "test\test.csproj", "{31083167-C42F-49BC-BDB5-6ED04CB5C610}"
EndProject
Project("{FAE04EC0-301F-11D3-BF4B-00C04F79EFBC}") = "19-命名空间", "19-命名空间\19-命名空间.csproj", "{9745704D-E655-410A-90CE-8D7E7348763E}"
EndProject
Project("{FAE04EC0-301F-11D3-BF4B-00C04F79EFBC}") = "20-引用类型和值类型", "20-引用类型和值类型\20-引用类型和值类型.csproj", "{C998015F-6E6B-444F-9D28-4560CA0A055D}"
EndProject
Project("{FAE04EC0-301F-11D3-BF4B-00C04F79EFBC}") = "21-字符串", "21-字符串\21-字符串.csproj", "{111C7C47-864F-4344-99B4-64B01A49B554}"
EndProject
Project("{FAE04EC0-301F-11D3-BF4B-00C04F79EFBC}") = "22-文件读取", "22-文件读取\22-文件读取.csproj", "{19E737D2-E835-4192-9814-6677D3BD7706}"
EndProject
Project("{FAE04EC0-301F-11D3-BF4B-00C04F79EFBC}") = "23-继承", "23-继承\23-继承.csproj", "{55CABF82-C6A6-44D2-B4D9-25A31CC5A27F}"
EndProject
Project("{FAE04EC0-301F-11D3-BF4B-00C04F79EFBC}") = "24-里氏转换", "24-里氏转换\24-里氏转换.csproj", "{3274CF3F-DB08-4EA5-8BB8-3F958EE76E90}"
EndProject
Project("{FAE04EC0-301F-11D3-BF4B-00C04F79EFBC}") = "24-里氏转换练习", "24-里氏转换练习\24-里氏转换练习.csproj", "{12C3CAC0-5701-4AB3-9410-5983C3E58740}"
EndProject
Project("{FAE04EC0-301F-11D3-BF4B-00C04F79EFBC}") = "25-动态数组(类似于python中的list)", "25-动态数组(类似于python中的list)\25-动态数组(类似于python中的list).csproj", "{3C04BE6C-359D-46A2-8177-E6DE7F37DFED}"
EndProject
Project("{FAE04EC0-301F-11D3-BF4B-00C04F79EFBC}") = "26-Hashtable", "26-Hashtable\26-Hashtable.csproj", "{B100E163-9799-407E-BC40-6FE811DF2DA7}"
EndProject
Project("{FAE04EC0-301F-11D3-BF4B-00C04F79EFBC}") = "27-Path类", "27-Path类\27-Path类.csproj", "{22777D6A-FEF6-4FC5-97E5-1E545C461B9A}"
EndProject
Project("{FAE04EC0-301F-11D3-BF4B-00C04F79EFBC}") = "28-File类", "28-File类\28-File类.csproj", "{4C85BCE7-E23A-4474-9BA3-5BF5060DBBCE}"
EndProject
Project("{FAE04EC0-301F-11D3-BF4B-00C04F79EFBC}") = "29-List泛型集合", "29-List泛型集合\29-List泛型集合.csproj", "{2BA2E659-CCBE-409C-9062-F6E380AE263D}"
EndProject
Project("{FAE04EC0-301F-11D3-BF4B-00C04F79EFBC}") = "30-装箱、拆箱", "30-装箱、拆箱\30-装箱、拆箱.csproj", "{DB4BB763-755E-4676-B903-C239CE837C44}"
EndProject
Project("{FAE04EC0-301F-11D3-BF4B-00C04F79EFBC}") = "31-Dictionary", "31-Dictionary\31-Dictionary.csproj", "{B28F2E9C-2533-4BF3-8E12-F69CD0306A93}"
EndProject
Project("{FAE04EC0-301F-11D3-BF4B-00C04F79EFBC}") = "32-Filestream", "32-Filestream\32-Filestream.csproj", "{2258A50B-F340-4B2A-96CE-9EC2410B0E15}"
EndProject
Project("{FAE04EC0-301F-11D3-BF4B-00C04F79EFBC}") = "33-多态", "33-多态\33-多态.csproj", "{BB2A1CD4-E050-4402-8261-191626E29332}"
EndProject
Project("{FAE04EC0-301F-11D3-BF4B-00C04F79EFBC}") = "34-抽象类", "34-抽象类\34-抽象类.csproj", "{F9835DB5-E5EF-4E2F-AF7B-AAAB8C236EB7}"
EndProject
Project("{FAE04EC0-301F-11D3-BF4B-00C04F79EFBC}") = "35-访问修饰符", "35-访问修饰符\35-访问修饰符.csproj", "{052A08BC-8E92-420E-8D20-882CD69162AD}"
EndProject
Project("{FAE04EC0-301F-11D3-BF4B-00C04F79EFBC}") = "36-值传递和引用传递", "36-值传递和引用传递\36-值传递和引用传递.csproj", "{52D7D449-3287-4BFD-9F14-7C8844C2E2C8}"
EndProject
Project("{FAE04EC0-301F-11D3-BF4B-00C04F79EFBC}") = "37-序列化和反序列化", "37-序列化和反序列化\37-序列化和反序列化.csproj", "{DDFC775E-9D88-4C7C-AE15-FF708909CA62}"
EndProject
Project("{FAE04EC0-301F-11D3-BF4B-00C04F79EFBC}") = "38-部分类", "38-部分类\38-部分类.csproj", "{075DB284-E5B8-4ABD-9EC7-4F6F4E4CA414}"
EndProject
Project("{FAE04EC0-301F-11D3-BF4B-00C04F79EFBC}") = "39-密封类", "39-密封类\39-密封类.csproj", "{23E60FEC-A654-4B52-890E-FFFD7BA69A55}"
EndProject
Project("{FAE04EC0-301F-11D3-BF4B-00C04F79EFBC}") = "40-重写父类的ToString()", "40-重写父类的ToString()\40-重写父类的ToString().csproj", "{68C122D6-D75A-406E-B422-DD56D95B979D}"
EndProject
Project("{FAE04EC0-301F-11D3-BF4B-00C04F79EFBC}") = "41-接口", "41-接口\41-接口.csproj", "{8E0ECAFD-9341-4FE6-8674-5BCA09312CB5}"
EndProject
Project("{FAE04EC0-301F-11D3-BF4B-00C04F79EFBC}") = "42-显示实现接口", "42-显示实现接口\42-显示实现接口.csproj", "{90F247EF-FD8A-4995-BF97-FC56DF320E71}"
EndProject
Project("{FAE04EC0-301F-11D3-BF4B-00C04F79EFBC}") = "补充1-委托", "补充1-委托\补充1-委托.csproj", "{E0F56575-02E2-4A39-AEEF-C8822B546560}"
EndProject
Global
	GlobalSection(SolutionConfigurationPlatforms) = preSolution
		Debug|Any CPU = Debug|Any CPU
		Release|Any CPU = Release|Any CPU
	EndGlobalSection
	GlobalSection(ProjectConfigurationPlatforms) = postSolution
		{E22EF29F-F0B1-494D-899E-B4C4A5AD0A81}.Debug|Any CPU.ActiveCfg = Debug|Any CPU
		{E22EF29F-F0B1-494D-899E-B4C4A5AD0A81}.Debug|Any CPU.Build.0 = Debug|Any CPU
		{E22EF29F-F0B1-494D-899E-B4C4A5AD0A81}.Release|Any CPU.ActiveCfg = Release|Any CPU
		{E22EF29F-F0B1-494D-899E-B4C4A5AD0A81}.Release|Any CPU.Build.0 = Release|Any CPU
		{5F82223A-E071-43CD-A22D-6A6AD134A0FE}.Debug|Any CPU.ActiveCfg = Debug|Any CPU
		{5F82223A-E071-43CD-A22D-6A6AD134A0FE}.Debug|Any CPU.Build.0 = Debug|Any CPU
		{5F82223A-E071-43CD-A22D-6A6AD134A0FE}.Release|Any CPU.ActiveCfg = Release|Any CPU
		{5F82223A-E071-43CD-A22D-6A6AD134A0FE}.Release|Any CPU.Build.0 = Release|Any CPU
		{71F7FE32-0590-4961-A8FB-83CE2ABB3B49}.Debug|Any CPU.ActiveCfg = Debug|Any CPU
		{71F7FE32-0590-4961-A8FB-83CE2ABB3B49}.Debug|Any CPU.Build.0 = Debug|Any CPU
		{71F7FE32-0590-4961-A8FB-83CE2ABB3B49}.Release|Any CPU.ActiveCfg = Release|Any CPU
		{71F7FE32-0590-4961-A8FB-83CE2ABB3B49}.Release|Any CPU.Build.0 = Release|Any CPU
		{201F08E3-9DFF-4A96-9BA7-B89000957CBE}.Debug|Any CPU.ActiveCfg = Debug|Any CPU
		{201F08E3-9DFF-4A96-9BA7-B89000957CBE}.Debug|Any CPU.Build.0 = Debug|Any CPU
		{201F08E3-9DFF-4A96-9BA7-B89000957CBE}.Release|Any CPU.ActiveCfg = Release|Any CPU
		{201F08E3-9DFF-4A96-9BA7-B89000957CBE}.Release|Any CPU.Build.0 = Release|Any CPU
		{FCD088A6-292A-45F7-A473-D9F145F78658}.Debug|Any CPU.ActiveCfg = Debug|Any CPU
		{FCD088A6-292A-45F7-A473-D9F145F78658}.Debug|Any CPU.Build.0 = Debug|Any CPU
		{FCD088A6-292A-45F7-A473-D9F145F78658}.Release|Any CPU.ActiveCfg = Release|Any CPU
		{FCD088A6-292A-45F7-A473-D9F145F78658}.Release|Any CPU.Build.0 = Release|Any CPU
		{78B71B21-995D-4C08-A150-F6156B5224C7}.Debug|Any CPU.ActiveCfg = Debug|Any CPU
		{78B71B21-995D-4C08-A150-F6156B5224C7}.Debug|Any CPU.Build.0 = Debug|Any CPU
		{78B71B21-995D-4C08-A150-F6156B5224C7}.Release|Any CPU.ActiveCfg = Release|Any CPU
		{78B71B21-995D-4C08-A150-F6156B5224C7}.Release|Any CPU.Build.0 = Release|Any CPU
		{BA6F976B-4BFC-4C47-B944-B29A9859B9F9}.Debug|Any CPU.ActiveCfg = Debug|Any CPU
		{BA6F976B-4BFC-4C47-B944-B29A9859B9F9}.Debug|Any CPU.Build.0 = Debug|Any CPU
		{BA6F976B-4BFC-4C47-B944-B29A9859B9F9}.Release|Any CPU.ActiveCfg = Release|Any CPU
		{BA6F976B-4BFC-4C47-B944-B29A9859B9F9}.Release|Any CPU.Build.0 = Release|Any CPU
		{52CFAAA9-8B68-4136-AB91-846DD8347A32}.Debug|Any CPU.ActiveCfg = Debug|Any CPU
		{52CFAAA9-8B68-4136-AB91-846DD8347A32}.Debug|Any CPU.Build.0 = Debug|Any CPU
		{52CFAAA9-8B68-4136-AB91-846DD8347A32}.Release|Any CPU.ActiveCfg = Release|Any CPU
		{52CFAAA9-8B68-4136-AB91-846DD8347A32}.Release|Any CPU.Build.0 = Release|Any CPU
		{6C50C6A2-A880-47C0-9862-8A6D40A36C36}.Debug|Any CPU.ActiveCfg = Debug|Any CPU
		{6C50C6A2-A880-47C0-9862-8A6D40A36C36}.Debug|Any CPU.Build.0 = Debug|Any CPU
		{6C50C6A2-A880-47C0-9862-8A6D40A36C36}.Release|Any CPU.ActiveCfg = Release|Any CPU
		{6C50C6A2-A880-47C0-9862-8A6D40A36C36}.Release|Any CPU.Build.0 = Release|Any CPU
		{03AD1BA9-42F7-4988-B819-A4957A66D52B}.Debug|Any CPU.ActiveCfg = Debug|Any CPU
		{03AD1BA9-42F7-4988-B819-A4957A66D52B}.Debug|Any CPU.Build.0 = Debug|Any CPU
		{03AD1BA9-42F7-4988-B819-A4957A66D52B}.Release|Any CPU.ActiveCfg = Release|Any CPU
		{03AD1BA9-42F7-4988-B819-A4957A66D52B}.Release|Any CPU.Build.0 = Release|Any CPU
		{F8D9E6F2-4D3C-4E4D-8122-9EA5E84E49D2}.Debug|Any CPU.ActiveCfg = Debug|Any CPU
		{F8D9E6F2-4D3C-4E4D-8122-9EA5E84E49D2}.Debug|Any CPU.Build.0 = Debug|Any CPU
		{F8D9E6F2-4D3C-4E4D-8122-9EA5E84E49D2}.Release|Any CPU.ActiveCfg = Release|Any CPU
		{F8D9E6F2-4D3C-4E4D-8122-9EA5E84E49D2}.Release|Any CPU.Build.0 = Release|Any CPU
		{8CED7D27-86B5-45FF-9F4C-A8699103E581}.Debug|Any CPU.ActiveCfg = Debug|Any CPU
		{8CED7D27-86B5-45FF-9F4C-A8699103E581}.Debug|Any CPU.Build.0 = Debug|Any CPU
		{8CED7D27-86B5-45FF-9F4C-A8699103E581}.Release|Any CPU.ActiveCfg = Release|Any CPU
		{8CED7D27-86B5-45FF-9F4C-A8699103E581}.Release|Any CPU.Build.0 = Release|Any CPU
		{61FFEEBF-383A-4D8F-82BF-3455EA4E6CF1}.Debug|Any CPU.ActiveCfg = Debug|Any CPU
		{61FFEEBF-383A-4D8F-82BF-3455EA4E6CF1}.Debug|Any CPU.Build.0 = Debug|Any CPU
		{61FFEEBF-383A-4D8F-82BF-3455EA4E6CF1}.Release|Any CPU.ActiveCfg = Release|Any CPU
		{61FFEEBF-383A-4D8F-82BF-3455EA4E6CF1}.Release|Any CPU.Build.0 = Release|Any CPU
		{2BBBCFE3-3315-45EA-9EAA-EE1F55BD1A1F}.Debug|Any CPU.ActiveCfg = Debug|Any CPU
		{2BBBCFE3-3315-45EA-9EAA-EE1F55BD1A1F}.Debug|Any CPU.Build.0 = Debug|Any CPU
		{2BBBCFE3-3315-45EA-9EAA-EE1F55BD1A1F}.Release|Any CPU.ActiveCfg = Release|Any CPU
		{2BBBCFE3-3315-45EA-9EAA-EE1F55BD1A1F}.Release|Any CPU.Build.0 = Release|Any CPU
		{8A0E768D-1E2C-4EC8-8AB6-97B854420EAA}.Debug|Any CPU.ActiveCfg = Debug|Any CPU
		{8A0E768D-1E2C-4EC8-8AB6-97B854420EAA}.Debug|Any CPU.Build.0 = Debug|Any CPU
		{8A0E768D-1E2C-4EC8-8AB6-97B854420EAA}.Release|Any CPU.ActiveCfg = Release|Any CPU
		{8A0E768D-1E2C-4EC8-8AB6-97B854420EAA}.Release|Any CPU.Build.0 = Release|Any CPU
		{7B66CF1B-8EE4-441E-8D6B-17D55889BB0B}.Debug|Any CPU.ActiveCfg = Debug|Any CPU
		{7B66CF1B-8EE4-441E-8D6B-17D55889BB0B}.Debug|Any CPU.Build.0 = Debug|Any CPU
		{7B66CF1B-8EE4-441E-8D6B-17D55889BB0B}.Release|Any CPU.ActiveCfg = Release|Any CPU
		{7B66CF1B-8EE4-441E-8D6B-17D55889BB0B}.Release|Any CPU.Build.0 = Release|Any CPU
		{21BFC723-97EA-469D-BE2D-854AECDF2292}.Debug|Any CPU.ActiveCfg = Debug|Any CPU
		{21BFC723-97EA-469D-BE2D-854AECDF2292}.Debug|Any CPU.Build.0 = Debug|Any CPU
		{21BFC723-97EA-469D-BE2D-854AECDF2292}.Release|Any CPU.ActiveCfg = Release|Any CPU
		{21BFC723-97EA-469D-BE2D-854AECDF2292}.Release|Any CPU.Build.0 = Release|Any CPU
		{F47566A0-F1EF-4F46-A0CC-153438E555CD}.Debug|Any CPU.ActiveCfg = Debug|Any CPU
		{F47566A0-F1EF-4F46-A0CC-153438E555CD}.Debug|Any CPU.Build.0 = Debug|Any CPU
		{F47566A0-F1EF-4F46-A0CC-153438E555CD}.Release|Any CPU.ActiveCfg = Release|Any CPU
		{F47566A0-F1EF-4F46-A0CC-153438E555CD}.Release|Any CPU.Build.0 = Release|Any CPU
		{31083167-C42F-49BC-BDB5-6ED04CB5C610}.Debug|Any CPU.ActiveCfg = Debug|Any CPU
		{31083167-C42F-49BC-BDB5-6ED04CB5C610}.Debug|Any CPU.Build.0 = Debug|Any CPU
		{31083167-C42F-49BC-BDB5-6ED04CB5C610}.Release|Any CPU.ActiveCfg = Release|Any CPU
		{31083167-C42F-49BC-BDB5-6ED04CB5C610}.Release|Any CPU.Build.0 = Release|Any CPU
		{9745704D-E655-410A-90CE-8D7E7348763E}.Debug|Any CPU.ActiveCfg = Debug|Any CPU
		{9745704D-E655-410A-90CE-8D7E7348763E}.Debug|Any CPU.Build.0 = Debug|Any CPU
		{9745704D-E655-410A-90CE-8D7E7348763E}.Release|Any CPU.ActiveCfg = Release|Any CPU
		{9745704D-E655-410A-90CE-8D7E7348763E}.Release|Any CPU.Build.0 = Release|Any CPU
		{C998015F-6E6B-444F-9D28-4560CA0A055D}.Debug|Any CPU.ActiveCfg = Debug|Any CPU
		{C998015F-6E6B-444F-9D28-4560CA0A055D}.Debug|Any CPU.Build.0 = Debug|Any CPU
		{C998015F-6E6B-444F-9D28-4560CA0A055D}.Release|Any CPU.ActiveCfg = Release|Any CPU
		{C998015F-6E6B-444F-9D28-4560CA0A055D}.Release|Any CPU.Build.0 = Release|Any CPU
		{111C7C47-864F-4344-99B4-64B01A49B554}.Debug|Any CPU.ActiveCfg = Debug|Any CPU
		{111C7C47-864F-4344-99B4-64B01A49B554}.Debug|Any CPU.Build.0 = Debug|Any CPU
		{111C7C47-864F-4344-99B4-64B01A49B554}.Release|Any CPU.ActiveCfg = Release|Any CPU
		{111C7C47-864F-4344-99B4-64B01A49B554}.Release|Any CPU.Build.0 = Release|Any CPU
		{19E737D2-E835-4192-9814-6677D3BD7706}.Debug|Any CPU.ActiveCfg = Debug|Any CPU
		{19E737D2-E835-4192-9814-6677D3BD7706}.Debug|Any CPU.Build.0 = Debug|Any CPU
		{19E737D2-E835-4192-9814-6677D3BD7706}.Release|Any CPU.ActiveCfg = Release|Any CPU
		{19E737D2-E835-4192-9814-6677D3BD7706}.Release|Any CPU.Build.0 = Release|Any CPU
		{55CABF82-C6A6-44D2-B4D9-25A31CC5A27F}.Debug|Any CPU.ActiveCfg = Debug|Any CPU
		{55CABF82-C6A6-44D2-B4D9-25A31CC5A27F}.Debug|Any CPU.Build.0 = Debug|Any CPU
		{55CABF82-C6A6-44D2-B4D9-25A31CC5A27F}.Release|Any CPU.ActiveCfg = Release|Any CPU
		{55CABF82-C6A6-44D2-B4D9-25A31CC5A27F}.Release|Any CPU.Build.0 = Release|Any CPU
		{3274CF3F-DB08-4EA5-8BB8-3F958EE76E90}.Debug|Any CPU.ActiveCfg = Debug|Any CPU
		{3274CF3F-DB08-4EA5-8BB8-3F958EE76E90}.Debug|Any CPU.Build.0 = Debug|Any CPU
		{3274CF3F-DB08-4EA5-8BB8-3F958EE76E90}.Release|Any CPU.ActiveCfg = Release|Any CPU
		{3274CF3F-DB08-4EA5-8BB8-3F958EE76E90}.Release|Any CPU.Build.0 = Release|Any CPU
		{12C3CAC0-5701-4AB3-9410-5983C3E58740}.Debug|Any CPU.ActiveCfg = Debug|Any CPU
		{12C3CAC0-5701-4AB3-9410-5983C3E58740}.Debug|Any CPU.Build.0 = Debug|Any CPU
		{12C3CAC0-5701-4AB3-9410-5983C3E58740}.Release|Any CPU.ActiveCfg = Release|Any CPU
		{12C3CAC0-5701-4AB3-9410-5983C3E58740}.Release|Any CPU.Build.0 = Release|Any CPU
		{3C04BE6C-359D-46A2-8177-E6DE7F37DFED}.Debug|Any CPU.ActiveCfg = Debug|Any CPU
		{3C04BE6C-359D-46A2-8177-E6DE7F37DFED}.Debug|Any CPU.Build.0 = Debug|Any CPU
		{3C04BE6C-359D-46A2-8177-E6DE7F37DFED}.Release|Any CPU.ActiveCfg = Release|Any CPU
		{3C04BE6C-359D-46A2-8177-E6DE7F37DFED}.Release|Any CPU.Build.0 = Release|Any CPU
		{B100E163-9799-407E-BC40-6FE811DF2DA7}.Debug|Any CPU.ActiveCfg = Debug|Any CPU
		{B100E163-9799-407E-BC40-6FE811DF2DA7}.Debug|Any CPU.Build.0 = Debug|Any CPU
		{B100E163-9799-407E-BC40-6FE811DF2DA7}.Release|Any CPU.ActiveCfg = Release|Any CPU
		{B100E163-9799-407E-BC40-6FE811DF2DA7}.Release|Any CPU.Build.0 = Release|Any CPU
		{22777D6A-FEF6-4FC5-97E5-1E545C461B9A}.Debug|Any CPU.ActiveCfg = Debug|Any CPU
		{22777D6A-FEF6-4FC5-97E5-1E545C461B9A}.Debug|Any CPU.Build.0 = Debug|Any CPU
		{22777D6A-FEF6-4FC5-97E5-1E545C461B9A}.Release|Any CPU.ActiveCfg = Release|Any CPU
		{22777D6A-FEF6-4FC5-97E5-1E545C461B9A}.Release|Any CPU.Build.0 = Release|Any CPU
		{4C85BCE7-E23A-4474-9BA3-5BF5060DBBCE}.Debug|Any CPU.ActiveCfg = Debug|Any CPU
		{4C85BCE7-E23A-4474-9BA3-5BF5060DBBCE}.Debug|Any CPU.Build.0 = Debug|Any CPU
		{4C85BCE7-E23A-4474-9BA3-5BF5060DBBCE}.Release|Any CPU.ActiveCfg = Release|Any CPU
		{4C85BCE7-E23A-4474-9BA3-5BF5060DBBCE}.Release|Any CPU.Build.0 = Release|Any CPU
		{2BA2E659-CCBE-409C-9062-F6E380AE263D}.Debug|Any CPU.ActiveCfg = Debug|Any CPU
		{2BA2E659-CCBE-409C-9062-F6E380AE263D}.Debug|Any CPU.Build.0 = Debug|Any CPU
		{2BA2E659-CCBE-409C-9062-F6E380AE263D}.Release|Any CPU.ActiveCfg = Release|Any CPU
		{2BA2E659-CCBE-409C-9062-F6E380AE263D}.Release|Any CPU.Build.0 = Release|Any CPU
		{DB4BB763-755E-4676-B903-C239CE837C44}.Debug|Any CPU.ActiveCfg = Debug|Any CPU
		{DB4BB763-755E-4676-B903-C239CE837C44}.Debug|Any CPU.Build.0 = Debug|Any CPU
		{DB4BB763-755E-4676-B903-C239CE837C44}.Release|Any CPU.ActiveCfg = Release|Any CPU
		{DB4BB763-755E-4676-B903-C239CE837C44}.Release|Any CPU.Build.0 = Release|Any CPU
		{B28F2E9C-2533-4BF3-8E12-F69CD0306A93}.Debug|Any CPU.ActiveCfg = Debug|Any CPU
		{B28F2E9C-2533-4BF3-8E12-F69CD0306A93}.Debug|Any CPU.Build.0 = Debug|Any CPU
		{B28F2E9C-2533-4BF3-8E12-F69CD0306A93}.Release|Any CPU.ActiveCfg = Release|Any CPU
		{B28F2E9C-2533-4BF3-8E12-F69CD0306A93}.Release|Any CPU.Build.0 = Release|Any CPU
		{2258A50B-F340-4B2A-96CE-9EC2410B0E15}.Debug|Any CPU.ActiveCfg = Debug|Any CPU
		{2258A50B-F340-4B2A-96CE-9EC2410B0E15}.Debug|Any CPU.Build.0 = Debug|Any CPU
		{2258A50B-F340-4B2A-96CE-9EC2410B0E15}.Release|Any CPU.ActiveCfg = Release|Any CPU
		{2258A50B-F340-4B2A-96CE-9EC2410B0E15}.Release|Any CPU.Build.0 = Release|Any CPU
		{BB2A1CD4-E050-4402-8261-191626E29332}.Debug|Any CPU.ActiveCfg = Debug|Any CPU
		{BB2A1CD4-E050-4402-8261-191626E29332}.Debug|Any CPU.Build.0 = Debug|Any CPU
		{BB2A1CD4-E050-4402-8261-191626E29332}.Release|Any CPU.ActiveCfg = Release|Any CPU
		{BB2A1CD4-E050-4402-8261-191626E29332}.Release|Any CPU.Build.0 = Release|Any CPU
		{F9835DB5-E5EF-4E2F-AF7B-AAAB8C236EB7}.Debug|Any CPU.ActiveCfg = Debug|Any CPU
		{F9835DB5-E5EF-4E2F-AF7B-AAAB8C236EB7}.Debug|Any CPU.Build.0 = Debug|Any CPU
		{F9835DB5-E5EF-4E2F-AF7B-AAAB8C236EB7}.Release|Any CPU.ActiveCfg = Release|Any CPU
		{F9835DB5-E5EF-4E2F-AF7B-AAAB8C236EB7}.Release|Any CPU.Build.0 = Release|Any CPU
		{052A08BC-8E92-420E-8D20-882CD69162AD}.Debug|Any CPU.ActiveCfg = Debug|Any CPU
		{052A08BC-8E92-420E-8D20-882CD69162AD}.Debug|Any CPU.Build.0 = Debug|Any CPU
		{052A08BC-8E92-420E-8D20-882CD69162AD}.Release|Any CPU.ActiveCfg = Release|Any CPU
		{052A08BC-8E92-420E-8D20-882CD69162AD}.Release|Any CPU.Build.0 = Release|Any CPU
		{52D7D449-3287-4BFD-9F14-7C8844C2E2C8}.Debug|Any CPU.ActiveCfg = Debug|Any CPU
		{52D7D449-3287-4BFD-9F14-7C8844C2E2C8}.Debug|Any CPU.Build.0 = Debug|Any CPU
		{52D7D449-3287-4BFD-9F14-7C8844C2E2C8}.Release|Any CPU.ActiveCfg = Release|Any CPU
		{52D7D449-3287-4BFD-9F14-7C8844C2E2C8}.Release|Any CPU.Build.0 = Release|Any CPU
		{DDFC775E-9D88-4C7C-AE15-FF708909CA62}.Debug|Any CPU.ActiveCfg = Debug|Any CPU
		{DDFC775E-9D88-4C7C-AE15-FF708909CA62}.Debug|Any CPU.Build.0 = Debug|Any CPU
		{DDFC775E-9D88-4C7C-AE15-FF708909CA62}.Release|Any CPU.ActiveCfg = Release|Any CPU
		{DDFC775E-9D88-4C7C-AE15-FF708909CA62}.Release|Any CPU.Build.0 = Release|Any CPU
		{075DB284-E5B8-4ABD-9EC7-4F6F4E4CA414}.Debug|Any CPU.ActiveCfg = Debug|Any CPU
		{075DB284-E5B8-4ABD-9EC7-4F6F4E4CA414}.Debug|Any CPU.Build.0 = Debug|Any CPU
		{075DB284-E5B8-4ABD-9EC7-4F6F4E4CA414}.Release|Any CPU.ActiveCfg = Release|Any CPU
		{075DB284-E5B8-4ABD-9EC7-4F6F4E4CA414}.Release|Any CPU.Build.0 = Release|Any CPU
		{23E60FEC-A654-4B52-890E-FFFD7BA69A55}.Debug|Any CPU.ActiveCfg = Debug|Any CPU
		{23E60FEC-A654-4B52-890E-FFFD7BA69A55}.Debug|Any CPU.Build.0 = Debug|Any CPU
		{23E60FEC-A654-4B52-890E-FFFD7BA69A55}.Release|Any CPU.ActiveCfg = Release|Any CPU
		{23E60FEC-A654-4B52-890E-FFFD7BA69A55}.Release|Any CPU.Build.0 = Release|Any CPU
		{68C122D6-D75A-406E-B422-DD56D95B979D}.Debug|Any CPU.ActiveCfg = Debug|Any CPU
		{68C122D6-D75A-406E-B422-DD56D95B979D}.Debug|Any CPU.Build.0 = Debug|Any CPU
		{68C122D6-D75A-406E-B422-DD56D95B979D}.Release|Any CPU.ActiveCfg = Release|Any CPU
		{68C122D6-D75A-406E-B422-DD56D95B979D}.Release|Any CPU.Build.0 = Release|Any CPU
		{8E0ECAFD-9341-4FE6-8674-5BCA09312CB5}.Debug|Any CPU.ActiveCfg = Debug|Any CPU
		{8E0ECAFD-9341-4FE6-8674-5BCA09312CB5}.Debug|Any CPU.Build.0 = Debug|Any CPU
		{8E0ECAFD-9341-4FE6-8674-5BCA09312CB5}.Release|Any CPU.ActiveCfg = Release|Any CPU
		{8E0ECAFD-9341-4FE6-8674-5BCA09312CB5}.Release|Any CPU.Build.0 = Release|Any CPU
		{90F247EF-FD8A-4995-BF97-FC56DF320E71}.Debug|Any CPU.ActiveCfg = Debug|Any CPU
		{90F247EF-FD8A-4995-BF97-FC56DF320E71}.Debug|Any CPU.Build.0 = Debug|Any CPU
		{90F247EF-FD8A-4995-BF97-FC56DF320E71}.Release|Any CPU.ActiveCfg = Release|Any CPU
		{90F247EF-FD8A-4995-BF97-FC56DF320E71}.Release|Any CPU.Build.0 = Release|Any CPU
		{E0F56575-02E2-4A39-AEEF-C8822B546560}.Debug|Any CPU.ActiveCfg = Debug|Any CPU
		{E0F56575-02E2-4A39-AEEF-C8822B546560}.Debug|Any CPU.Build.0 = Debug|Any CPU
		{E0F56575-02E2-4A39-AEEF-C8822B546560}.Release|Any CPU.ActiveCfg = Release|Any CPU
		{E0F56575-02E2-4A39-AEEF-C8822B546560}.Release|Any CPU.Build.0 = Release|Any CPU
	EndGlobalSection
	GlobalSection(SolutionProperties) = preSolution
		HideSolutionNode = FALSE
	EndGlobalSection
	GlobalSection(ExtensibilityGlobals) = postSolution
		SolutionGuid = {C42A5D59-AB21-4F9B-94D2-C4FA5DC41CCA}
	EndGlobalSection
EndGlobal
